
Microsoft Visual Studio Solution File, Format Version 12.00
# Visual Studio Version 16
VisualStudioVersion = 16.0.28803.202
MinimumVisualStudioVersion = 10.0.40219.1
Project("{9A19103F-16F7-4668-BE54-9A1E7A4F7556}") = "MiniatureGolf", "MiniatureGolf\MiniatureGolf.csproj", "{6AF4704B-0FEB-4DBE-AE7A-51121DA4031F}"
EndProject
Project("{2150E333-8FDC-42A3-9474-1A3956D46DE8}") = "Solution Items", "Solution Items", "{9E0E5E61-949C-456B-9694-E5A8C8E523D7}"
	ProjectSection(SolutionItems) = preProject
		nuget.config = nuget.config
	EndProjectSection
EndProject
Global
	GlobalSection(SolutionConfigurationPlatforms) = preSolution
		Debug|Any CPU = Debug|Any CPU
		Release|Any CPU = Release|Any CPU
	EndGlobalSection
	GlobalSection(ProjectConfigurationPlatforms) = postSolution
		{6AF4704B-0FEB-4DBE-AE7A-51121DA4031F}.Debug|Any CPU.ActiveCfg = Debug|Any CPU
		{6AF4704B-0FEB-4DBE-AE7A-51121DA4031F}.Debug|Any CPU.Build.0 = Debug|Any CPU
		{6AF4704B-0FEB-4DBE-AE7A-51121DA4031F}.Release|Any CPU.ActiveCfg = Release|Any CPU
		{6AF4704B-0FEB-4DBE-AE7A-51121DA4031F}.Release|Any CPU.Build.0 = Release|Any CPU
	EndGlobalSection
	GlobalSection(SolutionProperties) = preSolution
		HideSolutionNode = FALSE
	EndGlobalSection
	GlobalSection(ExtensibilityGlobals) = postSolution
		SolutionGuid = {D05B1C2E-8BF4-4A77-B6EF-8E39DFF6F202}
	EndGlobalSection
EndGlobal
